
Microsoft Visual Studio Solution File, Format Version 12.00
# Visual Studio Version 16
VisualStudioVersion = 16.0.30011.22
MinimumVisualStudioVersion = 10.0.40219.1
Project("{FAE04EC0-301F-11D3-BF4B-00C04F79EFBC}") = "DynamicIronPythonSample", "DynamicIronPythonSample.csproj", "{52EDA805-3F15-40F2-8A0A-E3B328B24901}"
EndProject
Global
	GlobalSection(SolutionConfigurationPlatforms) = preSolution
		Debug|Any CPU = Debug|Any CPU
		Release|Any CPU = Release|Any CPU
	EndGlobalSection
	GlobalSection(ProjectConfigurationPlatforms) = postSolution
		{52EDA805-3F15-40F2-8A0A-E3B328B24901}.Debug|Any CPU.ActiveCfg = Debug|Any CPU
		{52EDA805-3F15-40F2-8A0A-E3B328B24901}.Debug|Any CPU.Build.0 = Debug|Any CPU
		{52EDA805-3F15-40F2-8A0A-E3B328B24901}.Release|Any CPU.ActiveCfg = Release|Any CPU
		{52EDA805-3F15-40F2-8A0A-E3B328B24901}.Release|Any CPU.Build.0 = Release|Any CPU
	EndGlobalSection
	GlobalSection(SolutionProperties) = preSolution
		HideSolutionNode = FALSE
	EndGlobalSection
	GlobalSection(ExtensibilityGlobals) = postSolution
		SolutionGuid = {C35A28FC-3791-4CAA-B985-98003A56D85D}
	EndGlobalSection
EndGlobal
