
Microsoft Visual Studio Solution File, Format Version 12.00
# Visual Studio Version 16
VisualStudioVersion = 16.0.30011.22
MinimumVisualStudioVersion = 10.0.40219.1
Project("{FAE04EC0-301F-11D3-BF4B-00C04F79EFBC}") = "ValueButtonLib", "ValueButtonLib.csproj", "{DF6EB1C1-AB70-4B86-82B5-C619175B62FF}"
EndProject
Project("{FAE04EC0-301F-11D3-BF4B-00C04F79EFBC}") = "Test", "..\Test\Test.csproj", "{EE3F6277-B369-4EF8-AB58-2224526CA725}"
EndProject
Global
	GlobalSection(SolutionConfigurationPlatforms) = preSolution
		Debug|Any CPU = Debug|Any CPU
		Release|Any CPU = Release|Any CPU
	EndGlobalSection
	GlobalSection(ProjectConfigurationPlatforms) = postSolution
		{DF6EB1C1-AB70-4B86-82B5-C619175B62FF}.Debug|Any CPU.ActiveCfg = Debug|Any CPU
		{DF6EB1C1-AB70-4B86-82B5-C619175B62FF}.Debug|Any CPU.Build.0 = Debug|Any CPU
		{DF6EB1C1-AB70-4B86-82B5-C619175B62FF}.Release|Any CPU.ActiveCfg = Release|Any CPU
		{DF6EB1C1-AB70-4B86-82B5-C619175B62FF}.Release|Any CPU.Build.0 = Release|Any CPU
		{EE3F6277-B369-4EF8-AB58-2224526CA725}.Debug|Any CPU.ActiveCfg = Debug|Any CPU
		{EE3F6277-B369-4EF8-AB58-2224526CA725}.Debug|Any CPU.Build.0 = Debug|Any CPU
		{EE3F6277-B369-4EF8-AB58-2224526CA725}.Release|Any CPU.ActiveCfg = Release|Any CPU
		{EE3F6277-B369-4EF8-AB58-2224526CA725}.Release|Any CPU.Build.0 = Release|Any CPU
	EndGlobalSection
	GlobalSection(SolutionProperties) = preSolution
		HideSolutionNode = FALSE
	EndGlobalSection
	GlobalSection(ExtensibilityGlobals) = postSolution
		SolutionGuid = {3038BF77-B8E0-4C29-A1F8-3A44451D55D6}
	EndGlobalSection
EndGlobal
