
Microsoft Visual Studio Solution File, Format Version 12.00
# Visual Studio Version 16
VisualStudioVersion = 16.0.30104.148
MinimumVisualStudioVersion = 10.0.40219.1
Project("{FAE04EC0-301F-11D3-BF4B-00C04F79EFBC}") = "HelloWorldWebApp", "HelloWorldWebApp.csproj", "{812DB784-F8B7-4D29-8E3C-B1A2C756E204}"
EndProject
Global
	GlobalSection(SolutionConfigurationPlatforms) = preSolution
		Debug|Any CPU = Debug|Any CPU
		Release|Any CPU = Release|Any CPU
	EndGlobalSection
	GlobalSection(ProjectConfigurationPlatforms) = postSolution
		{812DB784-F8B7-4D29-8E3C-B1A2C756E204}.Debug|Any CPU.ActiveCfg = Debug|Any CPU
		{812DB784-F8B7-4D29-8E3C-B1A2C756E204}.Debug|Any CPU.Build.0 = Debug|Any CPU
		{812DB784-F8B7-4D29-8E3C-B1A2C756E204}.Release|Any CPU.ActiveCfg = Release|Any CPU
		{812DB784-F8B7-4D29-8E3C-B1A2C756E204}.Release|Any CPU.Build.0 = Release|Any CPU
	EndGlobalSection
	GlobalSection(SolutionProperties) = preSolution
		HideSolutionNode = FALSE
	EndGlobalSection
	GlobalSection(ExtensibilityGlobals) = postSolution
		SolutionGuid = {C32CB69F-AC69-4C99-BC0D-95796232F787}
	EndGlobalSection
EndGlobal
