
Microsoft Visual Studio Solution File, Format Version 12.00
# Visual Studio Version 16
VisualStudioVersion = 16.0.30104.148
MinimumVisualStudioVersion = 10.0.40219.1
Project("{FAE04EC0-301F-11D3-BF4B-00C04F79EFBC}") = "ClassLibrary1", "ClassLibrary1.csproj", "{F4B3D46B-81AD-4A62-A2B1-1ECFDBAC6E39}"
EndProject
Global
	GlobalSection(SolutionConfigurationPlatforms) = preSolution
		Debug|Any CPU = Debug|Any CPU
		Release|Any CPU = Release|Any CPU
	EndGlobalSection
	GlobalSection(ProjectConfigurationPlatforms) = postSolution
		{F4B3D46B-81AD-4A62-A2B1-1ECFDBAC6E39}.Debug|Any CPU.ActiveCfg = Debug|Any CPU
		{F4B3D46B-81AD-4A62-A2B1-1ECFDBAC6E39}.Debug|Any CPU.Build.0 = Debug|Any CPU
		{F4B3D46B-81AD-4A62-A2B1-1ECFDBAC6E39}.Release|Any CPU.ActiveCfg = Release|Any CPU
		{F4B3D46B-81AD-4A62-A2B1-1ECFDBAC6E39}.Release|Any CPU.Build.0 = Release|Any CPU
	EndGlobalSection
	GlobalSection(SolutionProperties) = preSolution
		HideSolutionNode = FALSE
	EndGlobalSection
	GlobalSection(ExtensibilityGlobals) = postSolution
		SolutionGuid = {09F99D3C-13E6-4FBC-A045-B2EDD1D82197}
	EndGlobalSection
EndGlobal
