
Microsoft Visual Studio Solution File, Format Version 12.00
# Visual Studio Version 16
VisualStudioVersion = 16.0.30104.148
MinimumVisualStudioVersion = 10.0.40219.1
Project("{FAE04EC0-301F-11D3-BF4B-00C04F79EFBC}") = "MyFirstVisualizer", "MyFirstVisualizer.csproj", "{05A75407-01C3-4272-8CF2-AA0B0EFE53EB}"
EndProject
Project("{FAE04EC0-301F-11D3-BF4B-00C04F79EFBC}") = "MyTestConsole", "..\MyTestConsole\MyTestConsole.csproj", "{056D8480-E7DD-4CB8-83BB-12940B6FA869}"
EndProject
Global
	GlobalSection(SolutionConfigurationPlatforms) = preSolution
		Debug|Any CPU = Debug|Any CPU
		Release|Any CPU = Release|Any CPU
	EndGlobalSection
	GlobalSection(ProjectConfigurationPlatforms) = postSolution
		{05A75407-01C3-4272-8CF2-AA0B0EFE53EB}.Debug|Any CPU.ActiveCfg = Debug|Any CPU
		{05A75407-01C3-4272-8CF2-AA0B0EFE53EB}.Debug|Any CPU.Build.0 = Debug|Any CPU
		{05A75407-01C3-4272-8CF2-AA0B0EFE53EB}.Release|Any CPU.ActiveCfg = Release|Any CPU
		{05A75407-01C3-4272-8CF2-AA0B0EFE53EB}.Release|Any CPU.Build.0 = Release|Any CPU
		{056D8480-E7DD-4CB8-83BB-12940B6FA869}.Debug|Any CPU.ActiveCfg = Debug|Any CPU
		{056D8480-E7DD-4CB8-83BB-12940B6FA869}.Debug|Any CPU.Build.0 = Debug|Any CPU
		{056D8480-E7DD-4CB8-83BB-12940B6FA869}.Release|Any CPU.ActiveCfg = Release|Any CPU
		{056D8480-E7DD-4CB8-83BB-12940B6FA869}.Release|Any CPU.Build.0 = Release|Any CPU
	EndGlobalSection
	GlobalSection(SolutionProperties) = preSolution
		HideSolutionNode = FALSE
	EndGlobalSection
	GlobalSection(ExtensibilityGlobals) = postSolution
		SolutionGuid = {CCA923E3-15D2-4E13-B0D4-9C318BAC0FBC}
	EndGlobalSection
EndGlobal
