
Microsoft Visual Studio Solution File, Format Version 12.00
# Visual Studio Version 16
VisualStudioVersion = 16.0.30104.148
MinimumVisualStudioVersion = 10.0.40219.1
Project("{FAE04EC0-301F-11D3-BF4B-00C04F79EFBC}") = "MySecondVisualizer", "MySecondVisualizer.csproj", "{00DB21ED-2745-4059-81A3-645580B87093}"
EndProject
Global
	GlobalSection(SolutionConfigurationPlatforms) = preSolution
		Debug|Any CPU = Debug|Any CPU
		Release|Any CPU = Release|Any CPU
	EndGlobalSection
	GlobalSection(ProjectConfigurationPlatforms) = postSolution
		{00DB21ED-2745-4059-81A3-645580B87093}.Debug|Any CPU.ActiveCfg = Debug|Any CPU
		{00DB21ED-2745-4059-81A3-645580B87093}.Debug|Any CPU.Build.0 = Debug|Any CPU
		{00DB21ED-2745-4059-81A3-645580B87093}.Release|Any CPU.ActiveCfg = Release|Any CPU
		{00DB21ED-2745-4059-81A3-645580B87093}.Release|Any CPU.Build.0 = Release|Any CPU
	EndGlobalSection
	GlobalSection(SolutionProperties) = preSolution
		HideSolutionNode = FALSE
	EndGlobalSection
	GlobalSection(ExtensibilityGlobals) = postSolution
		SolutionGuid = {7C15EE98-2E44-4FAE-9307-E0652A4815D2}
	EndGlobalSection
EndGlobal
