
Microsoft Visual Studio Solution File, Format Version 12.00
# Visual Studio Version 16
VisualStudioVersion = 16.0.30011.22
MinimumVisualStudioVersion = 10.0.40219.1
Project("{FAE04EC0-301F-11D3-BF4B-00C04F79EFBC}") = "DesignerActionsExample", "DesignerActionsExample.csproj", "{9951DDBA-F1BC-4CED-B2C3-44188D0B24CF}"
EndProject
Global
	GlobalSection(SolutionConfigurationPlatforms) = preSolution
		Debug|Any CPU = Debug|Any CPU
		Release|Any CPU = Release|Any CPU
	EndGlobalSection
	GlobalSection(ProjectConfigurationPlatforms) = postSolution
		{9951DDBA-F1BC-4CED-B2C3-44188D0B24CF}.Debug|Any CPU.ActiveCfg = Debug|Any CPU
		{9951DDBA-F1BC-4CED-B2C3-44188D0B24CF}.Debug|Any CPU.Build.0 = Debug|Any CPU
		{9951DDBA-F1BC-4CED-B2C3-44188D0B24CF}.Release|Any CPU.ActiveCfg = Release|Any CPU
		{9951DDBA-F1BC-4CED-B2C3-44188D0B24CF}.Release|Any CPU.Build.0 = Release|Any CPU
	EndGlobalSection
	GlobalSection(SolutionProperties) = preSolution
		HideSolutionNode = FALSE
	EndGlobalSection
	GlobalSection(ExtensibilityGlobals) = postSolution
		SolutionGuid = {B028F92E-2CC7-4D4D-B412-CF6EDD27B1D2}
	EndGlobalSection
EndGlobal
